// !$*UTF8*$!
{
	archiveVersion = 1;
	classes = {
	};
	objectVersion = 50;
	objects = {

/* Begin PBXBuildFile section */
		58E5EE309AEBB7438732D933 /* Pods_pchatapp.framework in Frameworks */ = {isa = PBXBuildFile; fileRef = 0F94F0E6D5F068B4FB9647A1 /* Pods_pchatapp.framework */; };
		8411CB6D2162F2A90089F519 /* ProfileTableViewCell.swift in Sources */ = {isa = PBXBuildFile; fileRef = 8411CB6C2162F2A90089F519 /* ProfileTableViewCell.swift */; };
		84894362215AFF190086451E /* PostManager.swift in Sources */ = {isa = PBXBuildFile; fileRef = 84894361215AFF190086451E /* PostManager.swift */; };
		84894364215B06360086451E /* chatTableViewCell.swift in Sources */ = {isa = PBXBuildFile; fileRef = 84894363215B06360086451E /* chatTableViewCell.swift */; };
		84894368215B0B900086451E /* MyUser.swift in Sources */ = {isa = PBXBuildFile; fileRef = 84894367215B0B900086451E /* MyUser.swift */; };
		8489436A215B0D380086451E /* ProfileManager.swift in Sources */ = {isa = PBXBuildFile; fileRef = 84894369215B0D380086451E /* ProfileManager.swift */; };
		84CA5AA22159A7E800F1B0AA /* AppDelegate.swift in Sources */ = {isa = PBXBuildFile; fileRef = 84CA5AA12159A7E800F1B0AA /* AppDelegate.swift */; };
		84CA5AA42159A7E800F1B0AA /* ViewController.swift in Sources */ = {isa = PBXBuildFile; fileRef = 84CA5AA32159A7E800F1B0AA /* ViewController.swift */; };
		84CA5AA72159A7E800F1B0AA /* Main.storyboard in Resources */ = {isa = PBXBuildFile; fileRef = 84CA5AA52159A7E800F1B0AA /* Main.storyboard */; };
		84CA5AAA2159A7E800F1B0AA /* pchatapp.xcdatamodeld in Sources */ = {isa = PBXBuildFile; fileRef = 84CA5AA82159A7E800F1B0AA /* pchatapp.xcdatamodeld */; };
		84CA5AAC2159A7E900F1B0AA /* Assets.xcassets in Resources */ = {isa = PBXBuildFile; fileRef = 84CA5AAB2159A7E900F1B0AA /* Assets.xcassets */; };
		84CA5AAF2159A7E900F1B0AA /* LaunchScreen.storyboard in Resources */ = {isa = PBXBuildFile; fileRef = 84CA5AAD2159A7E900F1B0AA /* LaunchScreen.storyboard */; };
		84CA5AB72159A81200F1B0AA /* GoogleService-Info.plist in Resources */ = {isa = PBXBuildFile; fileRef = 84CA5AB62159A81200F1B0AA /* GoogleService-Info.plist */; };
		84CA5ABA2159C35B00F1B0AA /* ProfileTableViewController.swift in Sources */ = {isa = PBXBuildFile; fileRef = 84CA5AB92159C35B00F1B0AA /* ProfileTableViewController.swift */; };
		84CA5ABC2159C3D800F1B0AA /* ChatViewController.swift in Sources */ = {isa = PBXBuildFile; fileRef = 84CA5ABB2159C3D800F1B0AA /* ChatViewController.swift */; };
		84CA5ABE2159C4C500F1B0AA /* SettingsViewController.swift in Sources */ = {isa = PBXBuildFile; fileRef = 84CA5ABD2159C4C500F1B0AA /* SettingsViewController.swift */; };
		84CA5AC2215AF09000F1B0AA /* FirebaseManager.swift in Sources */ = {isa = PBXBuildFile; fileRef = 84CA5AC1215AF09000F1B0AA /* FirebaseManager.swift */; };
/* End PBXBuildFile section */

/* Begin PBXFileReference section */
		0F94F0E6D5F068B4FB9647A1 /* Pods_pchatapp.framework */ = {isa = PBXFileReference; explicitFileType = wrapper.framework; includeInIndex = 0; path = Pods_pchatapp.framework; sourceTree = BUILT_PRODUCTS_DIR; };
		17375668ED6F2FC37CBD507F /* Pods-pchatapp.debug.xcconfig */ = {isa = PBXFileReference; includeInIndex = 1; lastKnownFileType = text.xcconfig; name = "Pods-pchatapp.debug.xcconfig"; path = "Pods/Target Support Files/Pods-pchatapp/Pods-pchatapp.debug.xcconfig"; sourceTree = "<group>"; };
		8411CB6C2162F2A90089F519 /* ProfileTableViewCell.swift */ = {isa = PBXFileReference; lastKnownFileType = sourcecode.swift; path = ProfileTableViewCell.swift; sourceTree = "<group>"; };
		84894361215AFF190086451E /* PostManager.swift */ = {isa = PBXFileReference; lastKnownFileType = sourcecode.swift; path = PostManager.swift; sourceTree = "<group>"; };
		84894363215B06360086451E /* chatTableViewCell.swift */ = {isa = PBXFileReference; lastKnownFileType = sourcecode.swift; path = chatTableViewCell.swift; sourceTree = "<group>"; };
		84894367215B0B900086451E /* MyUser.swift */ = {isa = PBXFileReference; lastKnownFileType = sourcecode.swift; path = MyUser.swift; sourceTree = "<group>"; };
		84894369215B0D380086451E /* ProfileManager.swift */ = {isa = PBXFileReference; lastKnownFileType = sourcecode.swift; path = ProfileManager.swift; sourceTree = "<group>"; };
		84CA5A9E2159A7E800F1B0AA /* pchatapp.app */ = {isa = PBXFileReference; explicitFileType = wrapper.application; includeInIndex = 0; path = pchatapp.app; sourceTree = BUILT_PRODUCTS_DIR; };
		84CA5AA12159A7E800F1B0AA /* AppDelegate.swift */ = {isa = PBXFileReference; lastKnownFileType = sourcecode.swift; path = AppDelegate.swift; sourceTree = "<group>"; };
		84CA5AA32159A7E800F1B0AA /* ViewController.swift */ = {isa = PBXFileReference; lastKnownFileType = sourcecode.swift; path = ViewController.swift; sourceTree = "<group>"; };
		84CA5AA62159A7E800F1B0AA /* Base */ = {isa = PBXFileReference; lastKnownFileType = file.storyboard; name = Base; path = Base.lproj/Main.storyboard; sourceTree = "<group>"; };
		84CA5AA92159A7E800F1B0AA /* pchatapp.xcdatamodel */ = {isa = PBXFileReference; lastKnownFileType = wrapper.xcdatamodel; path = pchatapp.xcdatamodel; sourceTree = "<group>"; };
		84CA5AAB2159A7E900F1B0AA /* Assets.xcassets */ = {isa = PBXFileReference; lastKnownFileType = folder.assetcatalog; path = Assets.xcassets; sourceTree = "<group>"; };
		84CA5AAE2159A7E900F1B0AA /* Base */ = {isa = PBXFileReference; lastKnownFileType = file.storyboard; name = Base; path = Base.lproj/LaunchScreen.storyboard; sourceTree = "<group>"; };
		84CA5AB02159A7E900F1B0AA /* Info.plist */ = {isa = PBXFileReference; lastKnownFileType = text.plist.xml; path = Info.plist; sourceTree = "<group>"; };
		84CA5AB62159A81200F1B0AA /* GoogleService-Info.plist */ = {isa = PBXFileReference; fileEncoding = 4; lastKnownFileType = text.plist.xml; path = "GoogleService-Info.plist"; sourceTree = "<group>"; };
		84CA5AB82159B27200F1B0AA /* pchatapp.entitlements */ = {isa = PBXFileReference; lastKnownFileType = text.plist.entitlements; path = pchatapp.entitlements; sourceTree = "<group>"; };
		84CA5AB92159C35B00F1B0AA /* ProfileTableViewController.swift */ = {isa = PBXFileReference; lastKnownFileType = sourcecode.swift; path = ProfileTableViewController.swift; sourceTree = "<group>"; };
		84CA5ABB2159C3D800F1B0AA /* ChatViewController.swift */ = {isa = PBXFileReference; lastKnownFileType = sourcecode.swift; path = ChatViewController.swift; sourceTree = "<group>"; };
		84CA5ABD2159C4C500F1B0AA /* SettingsViewController.swift */ = {isa = PBXFileReference; lastKnownFileType = sourcecode.swift; path = SettingsViewController.swift; sourceTree = "<group>"; };
		84CA5AC1215AF09000F1B0AA /* FirebaseManager.swift */ = {isa = PBXFileReference; lastKnownFileType = sourcecode.swift; path = FirebaseManager.swift; sourceTree = "<group>"; };
		DE6AFFF8EC510CE371E6CDD0 /* Pods-pchatapp.release.xcconfig */ = {isa = PBXFileReference; includeInIndex = 1; lastKnownFileType = text.xcconfig; name = "Pods-pchatapp.release.xcconfig"; path = "Pods/Target Support Files/Pods-pchatapp/Pods-pchatapp.release.xcconfig"; sourceTree = "<group>"; };
/* End PBXFileReference section */

/* Begin PBXFrameworksBuildPhase section */
		84CA5A9B2159A7E800F1B0AA /* Frameworks */ = {
			isa = PBXFrameworksBuildPhase;
			buildActionMask = 2147483647;
			files = (
				58E5EE309AEBB7438732D933 /* Pods_pchatapp.framework in Frameworks */,
			);
			runOnlyForDeploymentPostprocessing = 0;
		};
/* End PBXFrameworksBuildPhase section */

/* Begin PBXGroup section */
		3013F0A5E9FCE1C0EF8B0C65 /* Frameworks */ = {
			isa = PBXGroup;
			children = (
				0F94F0E6D5F068B4FB9647A1 /* Pods_pchatapp.framework */,
			);
			name = Frameworks;
			sourceTree = "<group>";
		};
		84CA5A952159A7E800F1B0AA = {
			isa = PBXGroup;
			children = (
				84CA5AA02159A7E800F1B0AA /* pchatapp */,
				84CA5A9F2159A7E800F1B0AA /* Products */,
				CFDE7A7735D36A5026A14F07 /* Pods */,
				3013F0A5E9FCE1C0EF8B0C65 /* Frameworks */,
			);
			sourceTree = "<group>";
		};
		84CA5A9F2159A7E800F1B0AA /* Products */ = {
			isa = PBXGroup;
			children = (
				84CA5A9E2159A7E800F1B0AA /* pchatapp.app */,
			);
			name = Products;
			sourceTree = "<group>";
		};
		84CA5AA02159A7E800F1B0AA /* pchatapp */ = {
			isa = PBXGroup;
			children = (
				84CA5AB82159B27200F1B0AA /* pchatapp.entitlements */,
				84CA5AA12159A7E800F1B0AA /* AppDelegate.swift */,
				84CA5AA32159A7E800F1B0AA /* ViewController.swift */,
				84CA5AB92159C35B00F1B0AA /* ProfileTableViewController.swift */,
				8411CB6C2162F2A90089F519 /* ProfileTableViewCell.swift */,
				84CA5ABB2159C3D800F1B0AA /* ChatViewController.swift */,
				84CA5ABD2159C4C500F1B0AA /* SettingsViewController.swift */,
				84894363215B06360086451E /* chatTableViewCell.swift */,
				84CA5AA52159A7E800F1B0AA /* Main.storyboard */,
				84894367215B0B900086451E /* MyUser.swift */,
				84CA5AC1215AF09000F1B0AA /* FirebaseManager.swift */,
				84894361215AFF190086451E /* PostManager.swift */,
				84894369215B0D380086451E /* ProfileManager.swift */,
				84CA5AAB2159A7E900F1B0AA /* Assets.xcassets */,
				84CA5AAD2159A7E900F1B0AA /* LaunchScreen.storyboard */,
				84CA5AB02159A7E900F1B0AA /* Info.plist */,
				84CA5AB62159A81200F1B0AA /* GoogleService-Info.plist */,
				84CA5AA82159A7E800F1B0AA /* pchatapp.xcdatamodeld */,
			);
			path = pchatapp;
			sourceTree = "<group>";
		};
		CFDE7A7735D36A5026A14F07 /* Pods */ = {
			isa = PBXGroup;
			children = (
				17375668ED6F2FC37CBD507F /* Pods-pchatapp.debug.xcconfig */,
				DE6AFFF8EC510CE371E6CDD0 /* Pods-pchatapp.release.xcconfig */,
			);
			name = Pods;
			sourceTree = "<group>";
		};
/* End PBXGroup section */

/* Begin PBXNativeTarget section */
		84CA5A9D2159A7E800F1B0AA /* pchatapp */ = {
			isa = PBXNativeTarget;
			buildConfigurationList = 84CA5AB32159A7E900F1B0AA /* Build configuration list for PBXNativeTarget "pchatapp" */;
			buildPhases = (
				928D00A0AA69DC648881CE6F /* [CP] Check Pods Manifest.lock */,
				84CA5A9A2159A7E800F1B0AA /* Sources */,
				84CA5A9B2159A7E800F1B0AA /* Frameworks */,
				84CA5A9C2159A7E800F1B0AA /* Resources */,
				34510B95FF0B8826F2DE3960 /* [CP] Embed Pods Frameworks */,
			);
			buildRules = (
			);
			dependencies = (
			);
			name = pchatapp;
			productName = pchatapp;
			productReference = 84CA5A9E2159A7E800F1B0AA /* pchatapp.app */;
			productType = "com.apple.product-type.application";
		};
/* End PBXNativeTarget section */

/* Begin PBXProject section */
		84CA5A962159A7E800F1B0AA /* Project object */ = {
			isa = PBXProject;
			attributes = {
				LastSwiftUpdateCheck = 0940;
				LastUpgradeCheck = 0940;
				ORGANIZATIONNAME = "Jae Kim";
				TargetAttributes = {
					84CA5A9D2159A7E800F1B0AA = {
						CreatedOnToolsVersion = 9.4.1;
						SystemCapabilities = {
							com.apple.Keychain = {
								enabled = 1;
							};
						};
					};
				};
			};
			buildConfigurationList = 84CA5A992159A7E800F1B0AA /* Build configuration list for PBXProject "pchatapp" */;
			compatibilityVersion = "Xcode 9.3";
			developmentRegion = en;
			hasScannedForEncodings = 0;
			knownRegions = (
				en,
				Base,
			);
			mainGroup = 84CA5A952159A7E800F1B0AA;
			productRefGroup = 84CA5A9F2159A7E800F1B0AA /* Products */;
			projectDirPath = "";
			projectRoot = "";
			targets = (
				84CA5A9D2159A7E800F1B0AA /* pchatapp */,
			);
		};
/* End PBXProject section */

/* Begin PBXResourcesBuildPhase section */
		84CA5A9C2159A7E800F1B0AA /* Resources */ = {
			isa = PBXResourcesBuildPhase;
			buildActionMask = 2147483647;
			files = (
				84CA5AAF2159A7E900F1B0AA /* LaunchScreen.storyboard in Resources */,
				84CA5AB72159A81200F1B0AA /* GoogleService-Info.plist in Resources */,
				84CA5AAC2159A7E900F1B0AA /* Assets.xcassets in Resources */,
				84CA5AA72159A7E800F1B0AA /* Main.storyboard in Resources */,
			);
			runOnlyForDeploymentPostprocessing = 0;
		};
/* End PBXResourcesBuildPhase section */

/* Begin PBXShellScriptBuildPhase section */
		34510B95FF0B8826F2DE3960 /* [CP] Embed Pods Frameworks */ = {
			isa = PBXShellScriptBuildPhase;
			buildActionMask = 2147483647;
			files = (
			);
			inputPaths = (
				"${SRCROOT}/Pods/Target Support Files/Pods-pchatapp/Pods-pchatapp-frameworks.sh",
				"${BUILT_PRODUCTS_DIR}/GTMSessionFetcher/GTMSessionFetcher.framework",
				"${BUILT_PRODUCTS_DIR}/GoogleUtilities/GoogleUtilities.framework",
				"${BUILT_PRODUCTS_DIR}/Protobuf/Protobuf.framework",
				"${BUILT_PRODUCTS_DIR}/leveldb-library/leveldb.framework",
				"${BUILT_PRODUCTS_DIR}/nanopb/nanopb.framework",
			);
			name = "[CP] Embed Pods Frameworks";
			outputPaths = (
				"${TARGET_BUILD_DIR}/${FRAMEWORKS_FOLDER_PATH}/GTMSessionFetcher.framework",
				"${TARGET_BUILD_DIR}/${FRAMEWORKS_FOLDER_PATH}/GoogleUtilities.framework",
				"${TARGET_BUILD_DIR}/${FRAMEWORKS_FOLDER_PATH}/Protobuf.framework",
				"${TARGET_BUILD_DIR}/${FRAMEWORKS_FOLDER_PATH}/leveldb.framework",
				"${TARGET_BUILD_DIR}/${FRAMEWORKS_FOLDER_PATH}/nanopb.framework",
			);
			runOnlyForDeploymentPostprocessing = 0;
			shellPath = /bin/sh;
			shellScript = "\"${SRCROOT}/Pods/Target Support Files/Pods-pchatapp/Pods-pchatapp-frameworks.sh\"\n";
			showEnvVarsInLog = 0;
		};
		928D00A0AA69DC648881CE6F /* [CP] Check Pods Manifest.lock */ = {
			isa = PBXShellScriptBuildPhase;
			buildActionMask = 2147483647;
			files = (
			);
			inputPaths = (
				"${PODS_PODFILE_DIR_PATH}/Podfile.lock",
				"${PODS_ROOT}/Manifest.lock",
			);
			name = "[CP] Check Pods Manifest.lock";
			outputPaths = (
				"$(DERIVED_FILE_DIR)/Pods-pchatapp-checkManifestLockResult.txt",
			);
			runOnlyForDeploymentPostprocessing = 0;
			shellPath = /bin/sh;
			shellScript = "diff \"${PODS_PODFILE_DIR_PATH}/Podfile.lock\" \"${PODS_ROOT}/Manifest.lock\" > /dev/null\nif [ $? != 0 ] ; then\n    # print error to STDERR\n    echo \"error: The sandbox is not in sync with the Podfile.lock. Run 'pod install' or update your CocoaPods installation.\" >&2\n    exit 1\nfi\n# This output is used by Xcode 'outputs' to avoid re-running this script phase.\necho \"SUCCESS\" > \"${SCRIPT_OUTPUT_FILE_0}\"\n";
			showEnvVarsInLog = 0;
		};
/* End PBXShellScriptBuildPhase section */

/* Begin PBXSourcesBuildPhase section */
		84CA5A9A2159A7E800F1B0AA /* Sources */ = {
			isa = PBXSourcesBuildPhase;
			buildActionMask = 2147483647;
			files = (
				84CA5AA42159A7E800F1B0AA /* ViewController.swift in Sources */,
				84CA5AA22159A7E800F1B0AA /* AppDelegate.swift in Sources */,
				84894368215B0B900086451E /* MyUser.swift in Sources */,
				8489436A215B0D380086451E /* ProfileManager.swift in Sources */,
				84CA5AC2215AF09000F1B0AA /* FirebaseManager.swift in Sources */,
				84CA5ABA2159C35B00F1B0AA /* ProfileTableViewController.swift in Sources */,
				84CA5ABC2159C3D800F1B0AA /* ChatViewController.swift in Sources */,
				84894364215B06360086451E /* chatTableViewCell.swift in Sources */,
				84894362215AFF190086451E /* PostManager.swift in Sources */,
				8411CB6D2162F2A90089F519 /* ProfileTableViewCell.swift in Sources */,
				84CA5AAA2159A7E800F1B0AA /* pchatapp.xcdatamodeld in Sources */,
				84CA5ABE2159C4C500F1B0AA /* SettingsViewController.swift in Sources */,
			);
			runOnlyForDeploymentPostprocessing = 0;
		};
/* End PBXSourcesBuildPhase section */

/* Begin PBXVariantGroup section */
		84CA5AA52159A7E800F1B0AA /* Main.storyboard */ = {
			isa = PBXVariantGroup;
			children = (
				84CA5AA62159A7E800F1B0AA /* Base */,
			);
			name = Main.storyboard;
			sourceTree = "<group>";
		};
		84CA5AAD2159A7E900F1B0AA /* LaunchScreen.storyboard */ = {
			isa = PBXVariantGroup;
			children = (
				84CA5AAE2159A7E900F1B0AA /* Base */,
			);
			name = LaunchScreen.storyboard;
			sourceTree = "<group>";
		};
/* End PBXVariantGroup section */

/* Begin XCBuildConfiguration section */
		84CA5AB12159A7E900F1B0AA /* Debug */ = {
			isa = XCBuildConfiguration;
			buildSettings = {
				ALWAYS_SEARCH_USER_PATHS = NO;
				CLANG_ANALYZER_NONNULL = YES;
				CLANG_ANALYZER_NUMBER_OBJECT_CONVERSION = YES_AGGRESSIVE;
				CLANG_CXX_LANGUAGE_STANDARD = "gnu++14";
				CLANG_CXX_LIBRARY = "libc++";
				CLANG_ENABLE_MODULES = YES;
				CLANG_ENABLE_OBJC_ARC = YES;
				CLANG_ENABLE_OBJC_WEAK = YES;
				CLANG_WARN_BLOCK_CAPTURE_AUTORELEASING = YES;
				CLANG_WARN_BOOL_CONVERSION = YES;
				CLANG_WARN_COMMA = YES;
				CLANG_WARN_CONSTANT_CONVERSION = YES;
				CLANG_WARN_DEPRECATED_OBJC_IMPLEMENTATIONS = YES;
				CLANG_WARN_DIRECT_OBJC_ISA_USAGE = YES_ERROR;
				CLANG_WARN_DOCUMENTATION_COMMENTS = YES;
				CLANG_WARN_EMPTY_BODY = YES;
				CLANG_WARN_ENUM_CONVERSION = YES;
				CLANG_WARN_INFINITE_RECURSION = YES;
				CLANG_WARN_INT_CONVERSION = YES;
				CLANG_WARN_NON_LITERAL_NULL_CONVERSION = YES;
				CLANG_WARN_OBJC_IMPLICIT_RETAIN_SELF = YES;
				CLANG_WARN_OBJC_LITERAL_CONVERSION = YES;
				CLANG_WARN_OBJC_ROOT_CLASS = YES_ERROR;
				CLANG_WARN_RANGE_LOOP_ANALYSIS = YES;
				CLANG_WARN_STRICT_PROTOTYPES = YES;
				CLANG_WARN_SUSPICIOUS_MOVE = YES;
				CLANG_WARN_UNGUARDED_AVAILABILITY = YES_AGGRESSIVE;
				CLANG_WARN_UNREACHABLE_CODE = YES;
				CLANG_WARN__DUPLICATE_METHOD_MATCH = YES;
				CODE_SIGN_IDENTITY = "iPhone Developer";
				COPY_PHASE_STRIP = NO;
				DEBUG_INFORMATION_FORMAT = dwarf;
				ENABLE_STRICT_OBJC_MSGSEND = YES;
				ENABLE_TESTABILITY = YES;
				GCC_C_LANGUAGE_STANDARD = gnu11;
				GCC_DYNAMIC_NO_PIC = NO;
				GCC_NO_COMMON_BLOCKS = YES;
				GCC_OPTIMIZATION_LEVEL = 0;
				GCC_PREPROCESSOR_DEFINITIONS = (
					"DEBUG=1",
					"$(inherited)",
				);
				GCC_WARN_64_TO_32_BIT_CONVERSION = YES;
				GCC_WARN_ABOUT_RETURN_TYPE = YES_ERROR;
				GCC_WARN_UNDECLARED_SELECTOR = YES;
				GCC_WARN_UNINITIALIZED_AUTOS = YES_AGGRESSIVE;
				GCC_WARN_UNUSED_FUNCTION = YES;
				GCC_WARN_UNUSED_VARIABLE = YES;
				IPHONEOS_DEPLOYMENT_TARGET = 11.4;
				MTL_ENABLE_DEBUG_INFO = YES;
				ONLY_ACTIVE_ARCH = YES;
				SDKROOT = iphoneos;
				SWIFT_ACTIVE_COMPILATION_CONDITIONS = DEBUG;
				SWIFT_OPTIMIZATION_LEVEL = "-Onone";
			};
			name = Debug;
		};
		84CA5AB22159A7E900F1B0AA /* Release */ = {
			isa = XCBuildConfiguration;
			buildSettings = {
				ALWAYS_SEARCH_USER_PATHS = NO;
				CLANG_ANALYZER_NONNULL = YES;
				CLANG_ANALYZER_NUMBER_OBJECT_CONVERSION = YES_AGGRESSIVE;
				CLANG_CXX_LANGUAGE_STANDARD = "gnu++14";
				CLANG_CXX_LIBRARY = "libc++";
				CLANG_ENABLE_MODULES = YES;
				CLANG_ENABLE_OBJC_ARC = YES;
				CLANG_ENABLE_OBJC_WEAK = YES;
				CLANG_WARN_BLOCK_CAPTURE_AUTORELEASING = YES;
				CLANG_WARN_BOOL_CONVERSION = YES;
				CLANG_WARN_COMMA = YES;
				CLANG_WARN_CONSTANT_CONVERSION = YES;
				CLANG_WARN_DEPRECATED_OBJC_IMPLEMENTATIONS = YES;
				CLANG_WARN_DIRECT_OBJC_ISA_USAGE = YES_ERROR;
				CLANG_WARN_DOCUMENTATION_COMMENTS = YES;
				CLANG_WARN_EMPTY_BODY = YES;
				CLANG_WARN_ENUM_CONVERSION = YES;
				CLANG_WARN_INFINITE_RECURSION = YES;
				CLANG_WARN_INT_CONVERSION = YES;
				CLANG_WARN_NON_LITERAL_NULL_CONVERSION = YES;
				CLANG_WARN_OBJC_IMPLICIT_RETAIN_SELF = YES;
				CLANG_WARN_OBJC_LITERAL_CONVERSION = YES;
				CLANG_WARN_OBJC_ROOT_CLASS = YES_ERROR;
				CLANG_WARN_RANGE_LOOP_ANALYSIS = YES;
				CLANG_WARN_STRICT_PROTOTYPES = YES;
				CLANG_WARN_SUSPICIOUS_MOVE = YES;
				CLANG_WARN_UNGUARDED_AVAILABILITY = YES_AGGRESSIVE;
				CLANG_WARN_UNREACHABLE_CODE = YES;
				CLANG_WARN__DUPLICATE_METHOD_MATCH = YES;
				CODE_SIGN_IDENTITY = "iPhone Developer";
				COPY_PHASE_STRIP = NO;
				DEBUG_INFORMATION_FORMAT = "dwarf-with-dsym";
				ENABLE_NS_ASSERTIONS = NO;
				ENABLE_STRICT_OBJC_MSGSEND = YES;
				GCC_C_LANGUAGE_STANDARD = gnu11;
				GCC_NO_COMMON_BLOCKS = YES;
				GCC_WARN_64_TO_32_BIT_CONVERSION = YES;
				GCC_WARN_ABOUT_RETURN_TYPE = YES_ERROR;
				GCC_WARN_UNDECLARED_SELECTOR = YES;
				GCC_WARN_UNINITIALIZED_AUTOS = YES_AGGRESSIVE;
				GCC_WARN_UNUSED_FUNCTION = YES;
				GCC_WARN_UNUSED_VARIABLE = YES;
				IPHONEOS_DEPLOYMENT_TARGET = 11.4;
				MTL_ENABLE_DEBUG_INFO = NO;
				SDKROOT = iphoneos;
				SWIFT_COMPILATION_MODE = wholemodule;
				SWIFT_OPTIMIZATION_LEVEL = "-O";
				VALIDATE_PRODUCT = YES;
			};
			name = Release;
		};
		84CA5AB42159A7E900F1B0AA /* Debug */ = {
			isa = XCBuildConfiguration;
			baseConfigurationReference = 17375668ED6F2FC37CBD507F /* Pods-pchatapp.debug.xcconfig */;
			buildSettings = {
				ASSETCATALOG_COMPILER_APPICON_NAME = AppIcon;
				CODE_SIGN_ENTITLEMENTS = pchatapp/pchatapp.entitlements;
				CODE_SIGN_STYLE = Automatic;
				DEVELOPMENT_TEAM = ZQK8KL8V69;
				INFOPLIST_FILE = pchatapp/Info.plist;
				LD_RUNPATH_SEARCH_PATHS = (
					"$(inherited)",
					"@executable_path/Frameworks",
				);
				PRODUCT_BUNDLE_IDENTIFIER = com.practice.pchatapp;
				PRODUCT_NAME = "$(TARGET_NAME)";
				SWIFT_VERSION = 4.0;
				TARGETED_DEVICE_FAMILY = "1,2";
			};
			name = Debug;
		};
		84CA5AB52159A7E900F1B0AA /* Release */ = {
			isa = XCBuildConfiguration;
			baseConfigurationReference = DE6AFFF8EC510CE371E6CDD0 /* Pods-pchatapp.release.xcconfig */;
			buildSettings = {
				ASSETCATALOG_COMPILER_APPICON_NAME = AppIcon;
				CODE_SIGN_ENTITLEMENTS = pchatapp/pchatapp.entitlements;
				CODE_SIGN_STYLE = Automatic;
				DEVELOPMENT_TEAM = ZQK8KL8V69;
				INFOPLIST_FILE = pchatapp/Info.plist;
				LD_RUNPATH_SEARCH_PATHS = (
					"$(inherited)",
					"@executable_path/Frameworks",
				);
				PRODUCT_BUNDLE_IDENTIFIER = com.practice.pchatapp;
				PRODUCT_NAME = "$(TARGET_NAME)";
				SWIFT_VERSION = 4.0;
				TARGETED_DEVICE_FAMILY = "1,2";
			};
			name = Release;
		};
/* End XCBuildConfiguration section */

/* Begin XCConfigurationList section */
		84CA5A992159A7E800F1B0AA /* Build configuration list for PBXProject "pchatapp" */ = {
			isa = XCConfigurationList;
			buildConfigurations = (
				84CA5AB12159A7E900F1B0AA /* Debug */,
				84CA5AB22159A7E900F1B0AA /* Release */,
			);
			defaultConfigurationIsVisible = 0;
			defaultConfigurationName = Release;
		};
		84CA5AB32159A7E900F1B0AA /* Build configuration list for PBXNativeTarget "pchatapp" */ = {
			isa = XCConfigurationList;
			buildConfigurations = (
				84CA5AB42159A7E900F1B0AA /* Debug */,
				84CA5AB52159A7E900F1B0AA /* Release */,
			);
			defaultConfigurationIsVisible = 0;
			defaultConfigurationName = Release;
		};
/* End XCConfigurationList section */

/* Begin XCVersionGroup section */
		84CA5AA82159A7E800F1B0AA /* pchatapp.xcdatamodeld */ = {
			isa = XCVersionGroup;
			children = (
				84CA5AA92159A7E800F1B0AA /* pchatapp.xcdatamodel */,
			);
			currentVersion = 84CA5AA92159A7E800F1B0AA /* pchatapp.xcdatamodel */;
			path = pchatapp.xcdatamodeld;
			sourceTree = "<group>";
			versionGroupType = wrapper.xcdatamodel;
		};
/* End XCVersionGroup section */
	};
	rootObject = 84CA5A962159A7E800F1B0AA /* Project object */;
}
